
Microsoft Visual Studio Solution File, Format Version 12.00
# Visual Studio 14
VisualStudioVersion = 14.0.24720.0
MinimumVisualStudioVersion = 10.0.40219.1
Project("{FAE04EC0-301F-11D3-BF4B-00C04F79EFBC}") = "SingleViewAppIPhone", "SingleViewAppIPhone\SingleViewAppIPhone.csproj", "{25536DF4-9B00-4420-9DEE-37A2C48C6824}"
EndProject
Global
	GlobalSection(SolutionConfigurationPlatforms) = preSolution
		Ad-Hoc|iPhone = Ad-Hoc|iPhone
		Ad-Hoc|iPhoneSimulator = Ad-Hoc|iPhoneSimulator
		AppStore|iPhone = AppStore|iPhone
		AppStore|iPhoneSimulator = AppStore|iPhoneSimulator
		Debug|iPhone = Debug|iPhone
		Debug|iPhoneSimulator = Debug|iPhoneSimulator
		Release|iPhone = Release|iPhone
		Release|iPhoneSimulator = Release|iPhoneSimulator
	EndGlobalSection
	GlobalSection(ProjectConfigurationPlatforms) = postSolution
		{25536DF4-9B00-4420-9DEE-37A2C48C6824}.Ad-Hoc|iPhone.ActiveCfg = Ad-Hoc|iPhone
		{25536DF4-9B00-4420-9DEE-37A2C48C6824}.Ad-Hoc|iPhone.Build.0 = Ad-Hoc|iPhone
		{25536DF4-9B00-4420-9DEE-37A2C48C6824}.Ad-Hoc|iPhoneSimulator.ActiveCfg = Ad-Hoc|iPhoneSimulator
		{25536DF4-9B00-4420-9DEE-37A2C48C6824}.Ad-Hoc|iPhoneSimulator.Build.0 = Ad-Hoc|iPhoneSimulator
		{25536DF4-9B00-4420-9DEE-37A2C48C6824}.AppStore|iPhone.ActiveCfg = AppStore|iPhone
		{25536DF4-9B00-4420-9DEE-37A2C48C6824}.AppStore|iPhone.Build.0 = AppStore|iPhone
		{25536DF4-9B00-4420-9DEE-37A2C48C6824}.AppStore|iPhoneSimulator.ActiveCfg = AppStore|iPhoneSimulator
		{25536DF4-9B00-4420-9DEE-37A2C48C6824}.AppStore|iPhoneSimulator.Build.0 = AppStore|iPhoneSimulator
		{25536DF4-9B00-4420-9DEE-37A2C48C6824}.Debug|iPhone.ActiveCfg = Debug|iPhone
		{25536DF4-9B00-4420-9DEE-37A2C48C6824}.Debug|iPhone.Build.0 = Debug|iPhone
		{25536DF4-9B00-4420-9DEE-37A2C48C6824}.Debug|iPhoneSimulator.ActiveCfg = Debug|iPhoneSimulator
		{25536DF4-9B00-4420-9DEE-37A2C48C6824}.Debug|iPhoneSimulator.Build.0 = Debug|iPhoneSimulator
		{25536DF4-9B00-4420-9DEE-37A2C48C6824}.Release|iPhone.ActiveCfg = Release|iPhone
		{25536DF4-9B00-4420-9DEE-37A2C48C6824}.Release|iPhone.Build.0 = Release|iPhone
		{25536DF4-9B00-4420-9DEE-37A2C48C6824}.Release|iPhoneSimulator.ActiveCfg = Release|iPhoneSimulator
		{25536DF4-9B00-4420-9DEE-37A2C48C6824}.Release|iPhoneSimulator.Build.0 = Release|iPhoneSimulator
	EndGlobalSection
	GlobalSection(SolutionProperties) = preSolution
		HideSolutionNode = FALSE
	EndGlobalSection
EndGlobal
